// !$*UTF8*$!
{
	archiveVersion = 1;
	classes = {
	};
	objectVersion = 46;
	objects = {

/* Begin PBXBuildFile section */
		20D6BCD8738451AC22B53B18 /* Pods_MediaRemoteControlTests.framework in Frameworks */ = {isa = PBXBuildFile; fileRef = 7E4470435A3D5CCCCAC7E07D /* Pods_MediaRemoteControlTests.framework */; };
		303E541F1E79D4EC0047DF63 /* MediaRemoteControl.h in Headers */ = {isa = PBXBuildFile; fileRef = 303E540F1E79D4EB0047DF63 /* MediaRemoteControl.h */; settings = {ATTRIBUTES = (Public, ); }; };
		303E54221E79D4EC0047DF63 /* MediaRemoteControl.framework in Frameworks */ = {isa = PBXBuildFile; fileRef = 303E540D1E79D4EB0047DF63 /* MediaRemoteControl.framework */; };
		303E54231E79D4EC0047DF63 /* MediaRemoteControl.framework in Embed Frameworks */ = {isa = PBXBuildFile; fileRef = 303E540D1E79D4EB0047DF63 /* MediaRemoteControl.framework */; settings = {ATTRIBUTES = (CodeSignOnCopy, RemoveHeadersOnCopy, ); }; };
		303E542B1E79D5220047DF63 /* RemoteControlActions.swift in Sources */ = {isa = PBXBuildFile; fileRef = 30E228EF1E76AA420047A750 /* RemoteControlActions.swift */; };
		303E542C1E79D5240047DF63 /* AudioSessionActions.swift in Sources */ = {isa = PBXBuildFile; fileRef = 30EF86161E793F4C0039048C /* AudioSessionActions.swift */; };
		303E542D1E79D5270047DF63 /* RemoteControlManager.swift in Sources */ = {isa = PBXBuildFile; fileRef = 30810C8F1E75BE7500B119CA /* RemoteControlManager.swift */; };
		303E542E1E79D5360047DF63 /* MediaItem.swift in Sources */ = {isa = PBXBuildFile; fileRef = 30810C8D1E75BD3200B119CA /* MediaItem.swift */; };
		303E542F1E79D57B0047DF63 /* ViewController.swift in Sources */ = {isa = PBXBuildFile; fileRef = 30810C611E75BCE900B119CA /* ViewController.swift */; };
		303E54301E79D57D0047DF63 /* AppDelegate.swift in Sources */ = {isa = PBXBuildFile; fileRef = 30810C5F1E75BCE900B119CA /* AppDelegate.swift */; };
		303E54311E79D6D00047DF63 /* MediaRemoteControl.framework in Frameworks */ = {isa = PBXBuildFile; fileRef = 303E540D1E79D4EB0047DF63 /* MediaRemoteControl.framework */; };
		304B70301E799E06001BE716 /* RemoteControlManagerSpecs.swift in Sources */ = {isa = PBXBuildFile; fileRef = 304B702E1E799AAE001BE716 /* RemoteControlManagerSpecs.swift */; };
		30810C601E75BCE900B119CA /* AppDelegate.swift in Sources */ = {isa = PBXBuildFile; fileRef = 30810C5F1E75BCE900B119CA /* AppDelegate.swift */; };
		30810C621E75BCE900B119CA /* ViewController.swift in Sources */ = {isa = PBXBuildFile; fileRef = 30810C611E75BCE900B119CA /* ViewController.swift */; };
		30810C651E75BCE900B119CA /* Main.storyboard in Resources */ = {isa = PBXBuildFile; fileRef = 30810C631E75BCE900B119CA /* Main.storyboard */; };
		30810C671E75BCE900B119CA /* Assets.xcassets in Resources */ = {isa = PBXBuildFile; fileRef = 30810C661E75BCE900B119CA /* Assets.xcassets */; };
		30810C6A1E75BCE900B119CA /* LaunchScreen.storyboard in Resources */ = {isa = PBXBuildFile; fileRef = 30810C681E75BCE900B119CA /* LaunchScreen.storyboard */; };
		30810C8E1E75BD3200B119CA /* MediaItem.swift in Sources */ = {isa = PBXBuildFile; fileRef = 30810C8D1E75BD3200B119CA /* MediaItem.swift */; };
		30810C901E75BE7500B119CA /* RemoteControlManager.swift in Sources */ = {isa = PBXBuildFile; fileRef = 30810C8F1E75BE7500B119CA /* RemoteControlManager.swift */; };
		30E1F0511E798BAE0073E4B1 /* MediaRemoteControlTests.swift in Sources */ = {isa = PBXBuildFile; fileRef = 30E1F04F1E798B950073E4B1 /* MediaRemoteControlTests.swift */; };
		30E1F0551E798BC20073E4B1 /* MediaRemoteControlUITests.swift in Sources */ = {isa = PBXBuildFile; fileRef = 30E1F0521E798BBD0073E4B1 /* MediaRemoteControlUITests.swift */; };
		30E228F01E76AA420047A750 /* RemoteControlActions.swift in Sources */ = {isa = PBXBuildFile; fileRef = 30E228EF1E76AA420047A750 /* RemoteControlActions.swift */; };
		30ECB3751E75DF0A006183D8 /* Default.png in Resources */ = {isa = PBXBuildFile; fileRef = 30ECB3741E75DF0A006183D8 /* Default.png */; };
		30EF86171E793F4C0039048C /* AudioSessionActions.swift in Sources */ = {isa = PBXBuildFile; fileRef = 30EF86161E793F4C0039048C /* AudioSessionActions.swift */; };
		EBD6AF426C38BB1521C6D819 /* Pods_MediaRemoteControl.framework in Frameworks */ = {isa = PBXBuildFile; fileRef = 4FA89D22D5D52DF6B4BE3850 /* Pods_MediaRemoteControl.framework */; };
		F5E2662E2A0245982189BAAF /* Pods_MediaRemoteControlUITests.framework in Frameworks */ = {isa = PBXBuildFile; fileRef = 1C2B98AC2A2C1FFF1B72EF48 /* Pods_MediaRemoteControlUITests.framework */; };
/* End PBXBuildFile section */

/* Begin PBXContainerItemProxy section */
		303E54201E79D4EC0047DF63 /* PBXContainerItemProxy */ = {
			isa = PBXContainerItemProxy;
			containerPortal = 30810C541E75BCE900B119CA /* Project object */;
			proxyType = 1;
			remoteGlobalIDString = 303E540C1E79D4EB0047DF63;
			remoteInfo = MediaRemoteControl;
		};
		30810C711E75BCE900B119CA /* PBXContainerItemProxy */ = {
			isa = PBXContainerItemProxy;
			containerPortal = 30810C541E75BCE900B119CA /* Project object */;
			proxyType = 1;
			remoteGlobalIDString = 30810C5B1E75BCE900B119CA;
			remoteInfo = LockScreen;
		};
		30810C7C1E75BCE900B119CA /* PBXContainerItemProxy */ = {
			isa = PBXContainerItemProxy;
			containerPortal = 30810C541E75BCE900B119CA /* Project object */;
			proxyType = 1;
			remoteGlobalIDString = 30810C5B1E75BCE900B119CA;
			remoteInfo = LockScreen;
		};
/* End PBXContainerItemProxy section */

/* Begin PBXCopyFilesBuildPhase section */
		303E54271E79D4EC0047DF63 /* Embed Frameworks */ = {
			isa = PBXCopyFilesBuildPhase;
			buildActionMask = 2147483647;
			dstPath = "";
			dstSubfolderSpec = 10;
			files = (
				303E54231E79D4EC0047DF63 /* MediaRemoteControl.framework in Embed Frameworks */,
			);
			name = "Embed Frameworks";
			runOnlyForDeploymentPostprocessing = 0;
		};
/* End PBXCopyFilesBuildPhase section */

/* Begin PBXFileReference section */
		010AF64CF9AB6134C6C2752A /* Pods_LockScreenTests.framework */ = {isa = PBXFileReference; explicitFileType = wrapper.framework; includeInIndex = 0; path = Pods_LockScreenTests.framework; sourceTree = BUILT_PRODUCTS_DIR; };
		0BDC6BB14F488147320D6C49 /* Pods-LockScreenUITests.debug.xcconfig */ = {isa = PBXFileReference; includeInIndex = 1; lastKnownFileType = text.xcconfig; name = "Pods-LockScreenUITests.debug.xcconfig"; path = "Pods/Target Support Files/Pods-LockScreenUITests/Pods-LockScreenUITests.debug.xcconfig"; sourceTree = "<group>"; };
		0E3E9A3BDB802CA6ED8D0FD3 /* Pods-LockScreen.debug.xcconfig */ = {isa = PBXFileReference; includeInIndex = 1; lastKnownFileType = text.xcconfig; name = "Pods-LockScreen.debug.xcconfig"; path = "Pods/Target Support Files/Pods-LockScreen/Pods-LockScreen.debug.xcconfig"; sourceTree = "<group>"; };
		1C2B98AC2A2C1FFF1B72EF48 /* Pods_MediaRemoteControlUITests.framework */ = {isa = PBXFileReference; explicitFileType = wrapper.framework; includeInIndex = 0; path = Pods_MediaRemoteControlUITests.framework; sourceTree = BUILT_PRODUCTS_DIR; };
		223E2E9FE9A7502D78A5D66F /* Pods-MediaRemoteControlTests.release.xcconfig */ = {isa = PBXFileReference; includeInIndex = 1; lastKnownFileType = text.xcconfig; name = "Pods-MediaRemoteControlTests.release.xcconfig"; path = "Pods/Target Support Files/Pods-MediaRemoteControlTests/Pods-MediaRemoteControlTests.release.xcconfig"; sourceTree = "<group>"; };
		303E540D1E79D4EB0047DF63 /* MediaRemoteControl.framework */ = {isa = PBXFileReference; explicitFileType = wrapper.framework; includeInIndex = 0; path = MediaRemoteControl.framework; sourceTree = BUILT_PRODUCTS_DIR; };
		303E540F1E79D4EB0047DF63 /* MediaRemoteControl.h */ = {isa = PBXFileReference; lastKnownFileType = sourcecode.c.h; path = MediaRemoteControl.h; sourceTree = "<group>"; };
		303E54101E79D4EB0047DF63 /* Info.plist */ = {isa = PBXFileReference; lastKnownFileType = text.plist.xml; path = Info.plist; sourceTree = "<group>"; };
		304B702E1E799AAE001BE716 /* RemoteControlManagerSpecs.swift */ = {isa = PBXFileReference; fileEncoding = 4; lastKnownFileType = sourcecode.swift; path = RemoteControlManagerSpecs.swift; sourceTree = "<group>"; };
		30810C5C1E75BCE900B119CA /* Sample.app */ = {isa = PBXFileReference; explicitFileType = wrapper.application; includeInIndex = 0; path = Sample.app; sourceTree = BUILT_PRODUCTS_DIR; };
		30810C5F1E75BCE900B119CA /* AppDelegate.swift */ = {isa = PBXFileReference; lastKnownFileType = sourcecode.swift; path = AppDelegate.swift; sourceTree = "<group>"; };
		30810C611E75BCE900B119CA /* ViewController.swift */ = {isa = PBXFileReference; lastKnownFileType = sourcecode.swift; path = ViewController.swift; sourceTree = "<group>"; };
		30810C641E75BCE900B119CA /* Base */ = {isa = PBXFileReference; lastKnownFileType = file.storyboard; name = Base; path = Base.lproj/Main.storyboard; sourceTree = "<group>"; };
		30810C661E75BCE900B119CA /* Assets.xcassets */ = {isa = PBXFileReference; lastKnownFileType = folder.assetcatalog; path = Assets.xcassets; sourceTree = "<group>"; };
		30810C691E75BCE900B119CA /* Base */ = {isa = PBXFileReference; lastKnownFileType = file.storyboard; name = Base; path = Base.lproj/LaunchScreen.storyboard; sourceTree = "<group>"; };
		30810C6B1E75BCE900B119CA /* Info.plist */ = {isa = PBXFileReference; lastKnownFileType = text.plist.xml; path = Info.plist; sourceTree = "<group>"; };
		30810C701E75BCE900B119CA /* SampleTests.xctest */ = {isa = PBXFileReference; explicitFileType = wrapper.cfbundle; includeInIndex = 0; path = SampleTests.xctest; sourceTree = BUILT_PRODUCTS_DIR; };
		30810C761E75BCE900B119CA /* Info.plist */ = {isa = PBXFileReference; lastKnownFileType = text.plist.xml; path = Info.plist; sourceTree = "<group>"; };
		30810C7B1E75BCE900B119CA /* SampleUITests.xctest */ = {isa = PBXFileReference; explicitFileType = wrapper.cfbundle; includeInIndex = 0; path = SampleUITests.xctest; sourceTree = BUILT_PRODUCTS_DIR; };
		30810C811E75BCEA00B119CA /* Info.plist */ = {isa = PBXFileReference; lastKnownFileType = text.plist.xml; path = Info.plist; sourceTree = "<group>"; };
		30810C8D1E75BD3200B119CA /* MediaItem.swift */ = {isa = PBXFileReference; fileEncoding = 4; lastKnownFileType = sourcecode.swift; path = MediaItem.swift; sourceTree = "<group>"; };
		30810C8F1E75BE7500B119CA /* RemoteControlManager.swift */ = {isa = PBXFileReference; fileEncoding = 4; lastKnownFileType = sourcecode.swift; path = RemoteControlManager.swift; sourceTree = "<group>"; };
		30E1F04F1E798B950073E4B1 /* MediaRemoteControlTests.swift */ = {isa = PBXFileReference; fileEncoding = 4; lastKnownFileType = sourcecode.swift; path = MediaRemoteControlTests.swift; sourceTree = "<group>"; };
		30E1F0521E798BBD0073E4B1 /* MediaRemoteControlUITests.swift */ = {isa = PBXFileReference; fileEncoding = 4; lastKnownFileType = sourcecode.swift; path = MediaRemoteControlUITests.swift; sourceTree = "<group>"; };
		30E228EF1E76AA420047A750 /* RemoteControlActions.swift */ = {isa = PBXFileReference; fileEncoding = 4; lastKnownFileType = sourcecode.swift; path = RemoteControlActions.swift; sourceTree = "<group>"; };
		30ECB3741E75DF0A006183D8 /* Default.png */ = {isa = PBXFileReference; lastKnownFileType = image.png; path = Default.png; sourceTree = "<group>"; };
		30EF86161E793F4C0039048C /* AudioSessionActions.swift */ = {isa = PBXFileReference; fileEncoding = 4; lastKnownFileType = sourcecode.swift; path = AudioSessionActions.swift; sourceTree = "<group>"; };
		39935ABB20487C964F080585 /* Pods-LockScreenTests.debug.xcconfig */ = {isa = PBXFileReference; includeInIndex = 1; lastKnownFileType = text.xcconfig; name = "Pods-LockScreenTests.debug.xcconfig"; path = "Pods/Target Support Files/Pods-LockScreenTests/Pods-LockScreenTests.debug.xcconfig"; sourceTree = "<group>"; };
		4FA89D22D5D52DF6B4BE3850 /* Pods_MediaRemoteControl.framework */ = {isa = PBXFileReference; explicitFileType = wrapper.framework; includeInIndex = 0; path = Pods_MediaRemoteControl.framework; sourceTree = BUILT_PRODUCTS_DIR; };
		66BFF9809F5BF200AD2EE683 /* Pods-MediaRemoteControl.debug.xcconfig */ = {isa = PBXFileReference; includeInIndex = 1; lastKnownFileType = text.xcconfig; name = "Pods-MediaRemoteControl.debug.xcconfig"; path = "Pods/Target Support Files/Pods-MediaRemoteControl/Pods-MediaRemoteControl.debug.xcconfig"; sourceTree = "<group>"; };
		6DF766782EC32D7A81464A2F /* Pods-LockScreen.release.xcconfig */ = {isa = PBXFileReference; includeInIndex = 1; lastKnownFileType = text.xcconfig; name = "Pods-LockScreen.release.xcconfig"; path = "Pods/Target Support Files/Pods-LockScreen/Pods-LockScreen.release.xcconfig"; sourceTree = "<group>"; };
		6E0290B88E662CD4D565F046 /* Pods-MediaRemoteControlTests.debug.xcconfig */ = {isa = PBXFileReference; includeInIndex = 1; lastKnownFileType = text.xcconfig; name = "Pods-MediaRemoteControlTests.debug.xcconfig"; path = "Pods/Target Support Files/Pods-MediaRemoteControlTests/Pods-MediaRemoteControlTests.debug.xcconfig"; sourceTree = "<group>"; };
		7E4470435A3D5CCCCAC7E07D /* Pods_MediaRemoteControlTests.framework */ = {isa = PBXFileReference; explicitFileType = wrapper.framework; includeInIndex = 0; path = Pods_MediaRemoteControlTests.framework; sourceTree = BUILT_PRODUCTS_DIR; };
		9D6D72FC3FEFE848881EB8EE /* Pods-MediaRemoteControl.release.xcconfig */ = {isa = PBXFileReference; includeInIndex = 1; lastKnownFileType = text.xcconfig; name = "Pods-MediaRemoteControl.release.xcconfig"; path = "Pods/Target Support Files/Pods-MediaRemoteControl/Pods-MediaRemoteControl.release.xcconfig"; sourceTree = "<group>"; };
		CDA29B134A329D7415EBFF18 /* Pods_LockScreen.framework */ = {isa = PBXFileReference; explicitFileType = wrapper.framework; includeInIndex = 0; path = Pods_LockScreen.framework; sourceTree = BUILT_PRODUCTS_DIR; };
		D203A14F00C156B4F143E95E /* Pods_LockScreenUITests.framework */ = {isa = PBXFileReference; explicitFileType = wrapper.framework; includeInIndex = 0; path = Pods_LockScreenUITests.framework; sourceTree = BUILT_PRODUCTS_DIR; };
		D5CBAA4A9E305BF547357E8D /* Pods-MediaRemoteControlUITests.release.xcconfig */ = {isa = PBXFileReference; includeInIndex = 1; lastKnownFileType = text.xcconfig; name = "Pods-MediaRemoteControlUITests.release.xcconfig"; path = "Pods/Target Support Files/Pods-MediaRemoteControlUITests/Pods-MediaRemoteControlUITests.release.xcconfig"; sourceTree = "<group>"; };
		D90E156728B8A3AD2D3F00C0 /* Pods-MediaRemoteControlUITests.debug.xcconfig */ = {isa = PBXFileReference; includeInIndex = 1; lastKnownFileType = text.xcconfig; name = "Pods-MediaRemoteControlUITests.debug.xcconfig"; path = "Pods/Target Support Files/Pods-MediaRemoteControlUITests/Pods-MediaRemoteControlUITests.debug.xcconfig"; sourceTree = "<group>"; };
		F0E3B4D3C3055A51D8BFEF93 /* Pods-LockScreenTests.release.xcconfig */ = {isa = PBXFileReference; includeInIndex = 1; lastKnownFileType = text.xcconfig; name = "Pods-LockScreenTests.release.xcconfig"; path = "Pods/Target Support Files/Pods-LockScreenTests/Pods-LockScreenTests.release.xcconfig"; sourceTree = "<group>"; };
		F104067277FA9E168BCB7FD4 /* Pods-LockScreenUITests.release.xcconfig */ = {isa = PBXFileReference; includeInIndex = 1; lastKnownFileType = text.xcconfig; name = "Pods-LockScreenUITests.release.xcconfig"; path = "Pods/Target Support Files/Pods-LockScreenUITests/Pods-LockScreenUITests.release.xcconfig"; sourceTree = "<group>"; };
/* End PBXFileReference section */

/* Begin PBXFrameworksBuildPhase section */
		303E54091E79D4EB0047DF63 /* Frameworks */ = {
			isa = PBXFrameworksBuildPhase;
			buildActionMask = 2147483647;
			files = (
			);
			runOnlyForDeploymentPostprocessing = 0;
		};
		30810C591E75BCE900B119CA /* Frameworks */ = {
			isa = PBXFrameworksBuildPhase;
			buildActionMask = 2147483647;
			files = (
				EBD6AF426C38BB1521C6D819 /* Pods_MediaRemoteControl.framework in Frameworks */,
				303E54221E79D4EC0047DF63 /* MediaRemoteControl.framework in Frameworks */,
			);
			runOnlyForDeploymentPostprocessing = 0;
		};
		30810C6D1E75BCE900B119CA /* Frameworks */ = {
			isa = PBXFrameworksBuildPhase;
			buildActionMask = 2147483647;
			files = (
				20D6BCD8738451AC22B53B18 /* Pods_MediaRemoteControlTests.framework in Frameworks */,
				303E54311E79D6D00047DF63 /* MediaRemoteControl.framework in Frameworks */,
			);
			runOnlyForDeploymentPostprocessing = 0;
		};
		30810C781E75BCE900B119CA /* Frameworks */ = {
			isa = PBXFrameworksBuildPhase;
			buildActionMask = 2147483647;
			files = (
				F5E2662E2A0245982189BAAF /* Pods_MediaRemoteControlUITests.framework in Frameworks */,
			);
			runOnlyForDeploymentPostprocessing = 0;
		};
/* End PBXFrameworksBuildPhase section */

/* Begin PBXGroup section */
		303E540E1E79D4EB0047DF63 /* MediaRemoteControl */ = {
			isa = PBXGroup;
			children = (
				303E540F1E79D4EB0047DF63 /* MediaRemoteControl.h */,
				303E54101E79D4EB0047DF63 /* Info.plist */,
			);
			path = MediaRemoteControl;
			sourceTree = "<group>";
		};
		30810C531E75BCE900B119CA = {
			isa = PBXGroup;
			children = (
				30810C5E1E75BCE900B119CA /* MediaRemoteControl */,
				30810C731E75BCE900B119CA /* MediaRemoteControl Tests */,
				30810C7E1E75BCE900B119CA /* MediaRemoteControl UITests */,
				303E540E1E79D4EB0047DF63 /* MediaRemoteControl */,
				30810C5D1E75BCE900B119CA /* Products */,
				4268DDB12E6CBDD8BA36827C /* Pods */,
				927D32DDC2BA27DA542DAE01 /* Frameworks */,
			);
			sourceTree = "<group>";
		};
		30810C5D1E75BCE900B119CA /* Products */ = {
			isa = PBXGroup;
			children = (
				30810C5C1E75BCE900B119CA /* Sample.app */,
				30810C701E75BCE900B119CA /* SampleTests.xctest */,
				30810C7B1E75BCE900B119CA /* SampleUITests.xctest */,
				303E540D1E79D4EB0047DF63 /* MediaRemoteControl.framework */,
			);
			name = Products;
			sourceTree = "<group>";
		};
		30810C5E1E75BCE900B119CA /* MediaRemoteControl */ = {
			isa = PBXGroup;
			children = (
				30ECB3741E75DF0A006183D8 /* Default.png */,
				30810C5F1E75BCE900B119CA /* AppDelegate.swift */,
				30EF861B1E7940360039048C /* Models */,
				30EF86191E79400F0039048C /* Controllers */,
				30EF86181E7940030039048C /* Protocols */,
				30EF861A1E7940220039048C /* Managers */,
				30810C631E75BCE900B119CA /* Main.storyboard */,
				30810C661E75BCE900B119CA /* Assets.xcassets */,
				30810C681E75BCE900B119CA /* LaunchScreen.storyboard */,
				30810C6B1E75BCE900B119CA /* Info.plist */,
			);
			path = MediaRemoteControl;
			sourceTree = "<group>";
		};
		30810C731E75BCE900B119CA /* MediaRemoteControl Tests */ = {
			isa = PBXGroup;
			children = (
				304B702E1E799AAE001BE716 /* RemoteControlManagerSpecs.swift */,
				30E1F04F1E798B950073E4B1 /* MediaRemoteControlTests.swift */,
				30810C761E75BCE900B119CA /* Info.plist */,
			);
			path = "MediaRemoteControl Tests";
			sourceTree = "<group>";
		};
		30810C7E1E75BCE900B119CA /* MediaRemoteControl UITests */ = {
			isa = PBXGroup;
			children = (
				30E1F0521E798BBD0073E4B1 /* MediaRemoteControlUITests.swift */,
				30810C811E75BCEA00B119CA /* Info.plist */,
			);
			path = "MediaRemoteControl UITests";
			sourceTree = "<group>";
		};
		30EF86181E7940030039048C /* Protocols */ = {
			isa = PBXGroup;
			children = (
				30E228EF1E76AA420047A750 /* RemoteControlActions.swift */,
				30EF86161E793F4C0039048C /* AudioSessionActions.swift */,
			);
			name = Protocols;
			sourceTree = "<group>";
		};
		30EF86191E79400F0039048C /* Controllers */ = {
			isa = PBXGroup;
			children = (
				30810C611E75BCE900B119CA /* ViewController.swift */,
			);
			name = Controllers;
			sourceTree = "<group>";
		};
		30EF861A1E7940220039048C /* Managers */ = {
			isa = PBXGroup;
			children = (
				30810C8F1E75BE7500B119CA /* RemoteControlManager.swift */,
			);
			name = Managers;
			sourceTree = "<group>";
		};
		30EF861B1E7940360039048C /* Models */ = {
			isa = PBXGroup;
			children = (
				30810C8D1E75BD3200B119CA /* MediaItem.swift */,
			);
			name = Models;
			sourceTree = "<group>";
		};
		4268DDB12E6CBDD8BA36827C /* Pods */ = {
			isa = PBXGroup;
			children = (
				0E3E9A3BDB802CA6ED8D0FD3 /* Pods-LockScreen.debug.xcconfig */,
				6DF766782EC32D7A81464A2F /* Pods-LockScreen.release.xcconfig */,
				39935ABB20487C964F080585 /* Pods-LockScreenTests.debug.xcconfig */,
				F0E3B4D3C3055A51D8BFEF93 /* Pods-LockScreenTests.release.xcconfig */,
				0BDC6BB14F488147320D6C49 /* Pods-LockScreenUITests.debug.xcconfig */,
				F104067277FA9E168BCB7FD4 /* Pods-LockScreenUITests.release.xcconfig */,
				66BFF9809F5BF200AD2EE683 /* Pods-MediaRemoteControl.debug.xcconfig */,
				9D6D72FC3FEFE848881EB8EE /* Pods-MediaRemoteControl.release.xcconfig */,
				6E0290B88E662CD4D565F046 /* Pods-MediaRemoteControlTests.debug.xcconfig */,
				223E2E9FE9A7502D78A5D66F /* Pods-MediaRemoteControlTests.release.xcconfig */,
				D90E156728B8A3AD2D3F00C0 /* Pods-MediaRemoteControlUITests.debug.xcconfig */,
				D5CBAA4A9E305BF547357E8D /* Pods-MediaRemoteControlUITests.release.xcconfig */,
			);
			name = Pods;
			sourceTree = "<group>";
		};
		927D32DDC2BA27DA542DAE01 /* Frameworks */ = {
			isa = PBXGroup;
			children = (
				CDA29B134A329D7415EBFF18 /* Pods_LockScreen.framework */,
				010AF64CF9AB6134C6C2752A /* Pods_LockScreenTests.framework */,
				D203A14F00C156B4F143E95E /* Pods_LockScreenUITests.framework */,
				4FA89D22D5D52DF6B4BE3850 /* Pods_MediaRemoteControl.framework */,
				7E4470435A3D5CCCCAC7E07D /* Pods_MediaRemoteControlTests.framework */,
				1C2B98AC2A2C1FFF1B72EF48 /* Pods_MediaRemoteControlUITests.framework */,
			);
			name = Frameworks;
			sourceTree = "<group>";
		};
/* End PBXGroup section */

/* Begin PBXHeadersBuildPhase section */
		303E540A1E79D4EB0047DF63 /* Headers */ = {
			isa = PBXHeadersBuildPhase;
			buildActionMask = 2147483647;
			files = (
				303E541F1E79D4EC0047DF63 /* MediaRemoteControl.h in Headers */,
			);
			runOnlyForDeploymentPostprocessing = 0;
		};
/* End PBXHeadersBuildPhase section */

/* Begin PBXNativeTarget section */
		303E540C1E79D4EB0047DF63 /* MediaRemoteControl */ = {
			isa = PBXNativeTarget;
			buildConfigurationList = 303E54241E79D4EC0047DF63 /* Build configuration list for PBXNativeTarget "MediaRemoteControl" */;
			buildPhases = (
				303E54081E79D4EB0047DF63 /* Sources */,
				303E54091E79D4EB0047DF63 /* Frameworks */,
				303E540A1E79D4EB0047DF63 /* Headers */,
				303E540B1E79D4EB0047DF63 /* Resources */,
			);
			buildRules = (
			);
			dependencies = (
			);
			name = MediaRemoteControl;
			productName = MediaRemoteControl;
			productReference = 303E540D1E79D4EB0047DF63 /* MediaRemoteControl.framework */;
			productType = "com.apple.product-type.framework";
		};
		30810C5B1E75BCE900B119CA /* Sample */ = {
			isa = PBXNativeTarget;
			buildConfigurationList = 30810C841E75BCEA00B119CA /* Build configuration list for PBXNativeTarget "Sample" */;
			buildPhases = (
				9F805411E1FA8769DA2BCC2E /* [CP] Check Pods Manifest.lock */,
				30810C581E75BCE900B119CA /* Sources */,
				30810C591E75BCE900B119CA /* Frameworks */,
				30810C5A1E75BCE900B119CA /* Resources */,
				A67D7929A49EA756B02358BC /* [CP] Embed Pods Frameworks */,
				E9E918EDEDFD13192BB2E185 /* [CP] Copy Pods Resources */,
				303E54271E79D4EC0047DF63 /* Embed Frameworks */,
			);
			buildRules = (
			);
			dependencies = (
				303E54211E79D4EC0047DF63 /* PBXTargetDependency */,
			);
			name = Sample;
			productName = LockScreen;
			productReference = 30810C5C1E75BCE900B119CA /* Sample.app */;
			productType = "com.apple.product-type.application";
		};
		30810C6F1E75BCE900B119CA /* SampleTests */ = {
			isa = PBXNativeTarget;
			buildConfigurationList = 30810C871E75BCEA00B119CA /* Build configuration list for PBXNativeTarget "SampleTests" */;
			buildPhases = (
				3072377A5A1448357BDE8274 /* [CP] Check Pods Manifest.lock */,
				30810C6C1E75BCE900B119CA /* Sources */,
				30810C6D1E75BCE900B119CA /* Frameworks */,
				30810C6E1E75BCE900B119CA /* Resources */,
				F2C85C19D8F2C8C500AEBA69 /* [CP] Embed Pods Frameworks */,
				1683B74E1273DAE665CC898B /* [CP] Copy Pods Resources */,
			);
			buildRules = (
			);
			dependencies = (
				30810C721E75BCE900B119CA /* PBXTargetDependency */,
			);
			name = SampleTests;
			productName = LockScreenTests;
			productReference = 30810C701E75BCE900B119CA /* SampleTests.xctest */;
			productType = "com.apple.product-type.bundle.unit-test";
		};
		30810C7A1E75BCE900B119CA /* SampleUITests */ = {
			isa = PBXNativeTarget;
			buildConfigurationList = 30810C8A1E75BCEA00B119CA /* Build configuration list for PBXNativeTarget "SampleUITests" */;
			buildPhases = (
				C1524ABE1D07756BCE8E3E31 /* [CP] Check Pods Manifest.lock */,
				30810C771E75BCE900B119CA /* Sources */,
				30810C781E75BCE900B119CA /* Frameworks */,
				30810C791E75BCE900B119CA /* Resources */,
				73C7808C5877A5AFC8BDB461 /* [CP] Embed Pods Frameworks */,
				B236EBB88F7BFAE1AD9F97D4 /* [CP] Copy Pods Resources */,
			);
			buildRules = (
			);
			dependencies = (
				30810C7D1E75BCE900B119CA /* PBXTargetDependency */,
			);
			name = SampleUITests;
			productName = LockScreenUITests;
			productReference = 30810C7B1E75BCE900B119CA /* SampleUITests.xctest */;
			productType = "com.apple.product-type.bundle.ui-testing";
		};
/* End PBXNativeTarget section */

/* Begin PBXProject section */
		30810C541E75BCE900B119CA /* Project object */ = {
			isa = PBXProject;
			attributes = {
				LastSwiftUpdateCheck = 0820;
				LastUpgradeCheck = 0820;
				ORGANIZATIONNAME = "Shady Ghalab";
				TargetAttributes = {
					303E540C1E79D4EB0047DF63 = {
						CreatedOnToolsVersion = 8.2;
						DevelopmentTeam = EZKTHB6PL9;
						ProvisioningStyle = Automatic;
					};
					30810C5B1E75BCE900B119CA = {
						CreatedOnToolsVersion = 8.2;
						DevelopmentTeam = EZKTHB6PL9;
						ProvisioningStyle = Automatic;
						SystemCapabilities = {
							com.apple.BackgroundModes = {
								enabled = 1;
							};
						};
					};
					30810C6F1E75BCE900B119CA = {
						CreatedOnToolsVersion = 8.2;
						ProvisioningStyle = Automatic;
						TestTargetID = 30810C5B1E75BCE900B119CA;
					};
					30810C7A1E75BCE900B119CA = {
						CreatedOnToolsVersion = 8.2;
						ProvisioningStyle = Automatic;
						TestTargetID = 30810C5B1E75BCE900B119CA;
					};
				};
			};
			buildConfigurationList = 30810C571E75BCE900B119CA /* Build configuration list for PBXProject "Sample" */;
			compatibilityVersion = "Xcode 3.2";
			developmentRegion = English;
			hasScannedForEncodings = 0;
			knownRegions = (
				en,
				Base,
			);
			mainGroup = 30810C531E75BCE900B119CA;
			productRefGroup = 30810C5D1E75BCE900B119CA /* Products */;
			projectDirPath = "";
			projectRoot = "";
			targets = (
				30810C5B1E75BCE900B119CA /* Sample */,
				30810C6F1E75BCE900B119CA /* SampleTests */,
				30810C7A1E75BCE900B119CA /* SampleUITests */,
				303E540C1E79D4EB0047DF63 /* MediaRemoteControl */,
			);
		};
/* End PBXProject section */

/* Begin PBXResourcesBuildPhase section */
		303E540B1E79D4EB0047DF63 /* Resources */ = {
			isa = PBXResourcesBuildPhase;
			buildActionMask = 2147483647;
			files = (
			);
			runOnlyForDeploymentPostprocessing = 0;
		};
		30810C5A1E75BCE900B119CA /* Resources */ = {
			isa = PBXResourcesBuildPhase;
			buildActionMask = 2147483647;
			files = (
				30810C6A1E75BCE900B119CA /* LaunchScreen.storyboard in Resources */,
				30810C671E75BCE900B119CA /* Assets.xcassets in Resources */,
				30810C651E75BCE900B119CA /* Main.storyboard in Resources */,
				30ECB3751E75DF0A006183D8 /* Default.png in Resources */,
			);
			runOnlyForDeploymentPostprocessing = 0;
		};
		30810C6E1E75BCE900B119CA /* Resources */ = {
			isa = PBXResourcesBuildPhase;
			buildActionMask = 2147483647;
			files = (
			);
			runOnlyForDeploymentPostprocessing = 0;
		};
		30810C791E75BCE900B119CA /* Resources */ = {
			isa = PBXResourcesBuildPhase;
			buildActionMask = 2147483647;
			files = (
			);
			runOnlyForDeploymentPostprocessing = 0;
		};
/* End PBXResourcesBuildPhase section */

/* Begin PBXShellScriptBuildPhase section */
		1683B74E1273DAE665CC898B /* [CP] Copy Pods Resources */ = {
			isa = PBXShellScriptBuildPhase;
			buildActionMask = 2147483647;
			files = (
			);
			inputPaths = (
			);
			name = "[CP] Copy Pods Resources";
			outputPaths = (
			);
			runOnlyForDeploymentPostprocessing = 0;
			shellPath = /bin/sh;
			shellScript = "\"${SRCROOT}/Pods/Target Support Files/Pods-MediaRemoteControlTests/Pods-MediaRemoteControlTests-resources.sh\"\n";
			showEnvVarsInLog = 0;
		};
		3072377A5A1448357BDE8274 /* [CP] Check Pods Manifest.lock */ = {
			isa = PBXShellScriptBuildPhase;
			buildActionMask = 2147483647;
			files = (
			);
			inputPaths = (
			);
			name = "[CP] Check Pods Manifest.lock";
			outputPaths = (
			);
			runOnlyForDeploymentPostprocessing = 0;
			shellPath = /bin/sh;
			shellScript = "diff \"${PODS_ROOT}/../Podfile.lock\" \"${PODS_ROOT}/Manifest.lock\" > /dev/null\nif [ $? != 0 ] ; then\n    # print error to STDERR\n    echo \"error: The sandbox is not in sync with the Podfile.lock. Run 'pod install' or update your CocoaPods installation.\" >&2\n    exit 1\nfi\n";
			showEnvVarsInLog = 0;
		};
		73C7808C5877A5AFC8BDB461 /* [CP] Embed Pods Frameworks */ = {
			isa = PBXShellScriptBuildPhase;
			buildActionMask = 2147483647;
			files = (
			);
			inputPaths = (
			);
			name = "[CP] Embed Pods Frameworks";
			outputPaths = (
			);
			runOnlyForDeploymentPostprocessing = 0;
			shellPath = /bin/sh;
			shellScript = "\"${SRCROOT}/Pods/Target Support Files/Pods-MediaRemoteControlUITests/Pods-MediaRemoteControlUITests-frameworks.sh\"\n";
			showEnvVarsInLog = 0;
		};
		9F805411E1FA8769DA2BCC2E /* [CP] Check Pods Manifest.lock */ = {
			isa = PBXShellScriptBuildPhase;
			buildActionMask = 2147483647;
			files = (
			);
			inputPaths = (
			);
			name = "[CP] Check Pods Manifest.lock";
			outputPaths = (
			);
			runOnlyForDeploymentPostprocessing = 0;
			shellPath = /bin/sh;
			shellScript = "diff \"${PODS_ROOT}/../Podfile.lock\" \"${PODS_ROOT}/Manifest.lock\" > /dev/null\nif [ $? != 0 ] ; then\n    # print error to STDERR\n    echo \"error: The sandbox is not in sync with the Podfile.lock. Run 'pod install' or update your CocoaPods installation.\" >&2\n    exit 1\nfi\n";
			showEnvVarsInLog = 0;
		};
		A67D7929A49EA756B02358BC /* [CP] Embed Pods Frameworks */ = {
			isa = PBXShellScriptBuildPhase;
			buildActionMask = 2147483647;
			files = (
			);
			inputPaths = (
			);
			name = "[CP] Embed Pods Frameworks";
			outputPaths = (
			);
			runOnlyForDeploymentPostprocessing = 0;
			shellPath = /bin/sh;
			shellScript = "\"${SRCROOT}/Pods/Target Support Files/Pods-MediaRemoteControl/Pods-MediaRemoteControl-frameworks.sh\"\n";
			showEnvVarsInLog = 0;
		};
		B236EBB88F7BFAE1AD9F97D4 /* [CP] Copy Pods Resources */ = {
			isa = PBXShellScriptBuildPhase;
			buildActionMask = 2147483647;
			files = (
			);
			inputPaths = (
			);
			name = "[CP] Copy Pods Resources";
			outputPaths = (
			);
			runOnlyForDeploymentPostprocessing = 0;
			shellPath = /bin/sh;
			shellScript = "\"${SRCROOT}/Pods/Target Support Files/Pods-MediaRemoteControlUITests/Pods-MediaRemoteControlUITests-resources.sh\"\n";
			showEnvVarsInLog = 0;
		};
		C1524ABE1D07756BCE8E3E31 /* [CP] Check Pods Manifest.lock */ = {
			isa = PBXShellScriptBuildPhase;
			buildActionMask = 2147483647;
			files = (
			);
			inputPaths = (
			);
			name = "[CP] Check Pods Manifest.lock";
			outputPaths = (
			);
			runOnlyForDeploymentPostprocessing = 0;
			shellPath = /bin/sh;
			shellScript = "diff \"${PODS_ROOT}/../Podfile.lock\" \"${PODS_ROOT}/Manifest.lock\" > /dev/null\nif [ $? != 0 ] ; then\n    # print error to STDERR\n    echo \"error: The sandbox is not in sync with the Podfile.lock. Run 'pod install' or update your CocoaPods installation.\" >&2\n    exit 1\nfi\n";
			showEnvVarsInLog = 0;
		};
		E9E918EDEDFD13192BB2E185 /* [CP] Copy Pods Resources */ = {
			isa = PBXShellScriptBuildPhase;
			buildActionMask = 2147483647;
			files = (
			);
			inputPaths = (
			);
			name = "[CP] Copy Pods Resources";
			outputPaths = (
			);
			runOnlyForDeploymentPostprocessing = 0;
			shellPath = /bin/sh;
			shellScript = "\"${SRCROOT}/Pods/Target Support Files/Pods-MediaRemoteControl/Pods-MediaRemoteControl-resources.sh\"\n";
			showEnvVarsInLog = 0;
		};
		F2C85C19D8F2C8C500AEBA69 /* [CP] Embed Pods Frameworks */ = {
			isa = PBXShellScriptBuildPhase;
			buildActionMask = 2147483647;
			files = (
			);
			inputPaths = (
			);
			name = "[CP] Embed Pods Frameworks";
			outputPaths = (
			);
			runOnlyForDeploymentPostprocessing = 0;
			shellPath = /bin/sh;
			shellScript = "\"${SRCROOT}/Pods/Target Support Files/Pods-MediaRemoteControlTests/Pods-MediaRemoteControlTests-frameworks.sh\"\n";
			showEnvVarsInLog = 0;
		};
/* End PBXShellScriptBuildPhase section */

/* Begin PBXSourcesBuildPhase section */
		303E54081E79D4EB0047DF63 /* Sources */ = {
			isa = PBXSourcesBuildPhase;
			buildActionMask = 2147483647;
			files = (
				303E54301E79D57D0047DF63 /* AppDelegate.swift in Sources */,
				303E542F1E79D57B0047DF63 /* ViewController.swift in Sources */,
				303E542B1E79D5220047DF63 /* RemoteControlActions.swift in Sources */,
				303E542E1E79D5360047DF63 /* MediaItem.swift in Sources */,
				303E542D1E79D5270047DF63 /* RemoteControlManager.swift in Sources */,
				303E542C1E79D5240047DF63 /* AudioSessionActions.swift in Sources */,
			);
			runOnlyForDeploymentPostprocessing = 0;
		};
		30810C581E75BCE900B119CA /* Sources */ = {
			isa = PBXSourcesBuildPhase;
			buildActionMask = 2147483647;
			files = (
				30810C901E75BE7500B119CA /* RemoteControlManager.swift in Sources */,
				30E228F01E76AA420047A750 /* RemoteControlActions.swift in Sources */,
				30810C621E75BCE900B119CA /* ViewController.swift in Sources */,
				30EF86171E793F4C0039048C /* AudioSessionActions.swift in Sources */,
				30810C601E75BCE900B119CA /* AppDelegate.swift in Sources */,
				30810C8E1E75BD3200B119CA /* MediaItem.swift in Sources */,
			);
			runOnlyForDeploymentPostprocessing = 0;
		};
		30810C6C1E75BCE900B119CA /* Sources */ = {
			isa = PBXSourcesBuildPhase;
			buildActionMask = 2147483647;
			files = (
				304B70301E799E06001BE716 /* RemoteControlManagerSpecs.swift in Sources */,
				30E1F0511E798BAE0073E4B1 /* MediaRemoteControlTests.swift in Sources */,
			);
			runOnlyForDeploymentPostprocessing = 0;
		};
		30810C771E75BCE900B119CA /* Sources */ = {
			isa = PBXSourcesBuildPhase;
			buildActionMask = 2147483647;
			files = (
				30E1F0551E798BC20073E4B1 /* MediaRemoteControlUITests.swift in Sources */,
			);
			runOnlyForDeploymentPostprocessing = 0;
		};
/* End PBXSourcesBuildPhase section */

/* Begin PBXTargetDependency section */
		303E54211E79D4EC0047DF63 /* PBXTargetDependency */ = {
			isa = PBXTargetDependency;
			target = 303E540C1E79D4EB0047DF63 /* MediaRemoteControl */;
			targetProxy = 303E54201E79D4EC0047DF63 /* PBXContainerItemProxy */;
		};
		30810C721E75BCE900B119CA /* PBXTargetDependency */ = {
			isa = PBXTargetDependency;
			target = 30810C5B1E75BCE900B119CA /* Sample */;
			targetProxy = 30810C711E75BCE900B119CA /* PBXContainerItemProxy */;
		};
		30810C7D1E75BCE900B119CA /* PBXTargetDependency */ = {
			isa = PBXTargetDependency;
			target = 30810C5B1E75BCE900B119CA /* Sample */;
			targetProxy = 30810C7C1E75BCE900B119CA /* PBXContainerItemProxy */;
		};
/* End PBXTargetDependency section */

/* Begin PBXVariantGroup section */
		30810C631E75BCE900B119CA /* Main.storyboard */ = {
			isa = PBXVariantGroup;
			children = (
				30810C641E75BCE900B119CA /* Base */,
			);
			name = Main.storyboard;
			sourceTree = "<group>";
		};
		30810C681E75BCE900B119CA /* LaunchScreen.storyboard */ = {
			isa = PBXVariantGroup;
			children = (
				30810C691E75BCE900B119CA /* Base */,
			);
			name = LaunchScreen.storyboard;
			sourceTree = "<group>";
		};
/* End PBXVariantGroup section */

/* Begin XCBuildConfiguration section */
		303E54251E79D4EC0047DF63 /* Debug */ = {
			isa = XCBuildConfiguration;
			buildSettings = {
				CODE_SIGN_IDENTITY = "";
				CURRENT_PROJECT_VERSION = 1;
				DEFINES_MODULE = YES;
				DEVELOPMENT_TEAM = EZKTHB6PL9;
				DYLIB_COMPATIBILITY_VERSION = 1;
				DYLIB_CURRENT_VERSION = 1;
				DYLIB_INSTALL_NAME_BASE = "@rpath";
				INFOPLIST_FILE = MediaRemoteControl/Info.plist;
				INSTALL_PATH = "$(LOCAL_LIBRARY_DIR)/Frameworks";
				IPHONEOS_DEPLOYMENT_TARGET = 9.0;
				LD_RUNPATH_SEARCH_PATHS = "$(inherited) @executable_path/Frameworks @loader_path/Frameworks";
				PRODUCT_BUNDLE_IDENTIFIER = Viacom.MediaRemoteControl;
				PRODUCT_NAME = "$(TARGET_NAME)";
				SKIP_INSTALL = YES;
				SWIFT_VERSION = 3.0;
				VERSIONING_SYSTEM = "apple-generic";
				VERSION_INFO_PREFIX = "";
			};
			name = Debug;
		};
		303E54261E79D4EC0047DF63 /* Release */ = {
			isa = XCBuildConfiguration;
			buildSettings = {
				CODE_SIGN_IDENTITY = "";
				CURRENT_PROJECT_VERSION = 1;
				DEFINES_MODULE = YES;
				DEVELOPMENT_TEAM = EZKTHB6PL9;
				DYLIB_COMPATIBILITY_VERSION = 1;
				DYLIB_CURRENT_VERSION = 1;
				DYLIB_INSTALL_NAME_BASE = "@rpath";
				INFOPLIST_FILE = MediaRemoteControl/Info.plist;
				INSTALL_PATH = "$(LOCAL_LIBRARY_DIR)/Frameworks";
				IPHONEOS_DEPLOYMENT_TARGET = 9.0;
				LD_RUNPATH_SEARCH_PATHS = "$(inherited) @executable_path/Frameworks @loader_path/Frameworks";
				PRODUCT_BUNDLE_IDENTIFIER = Viacom.MediaRemoteControl;
				PRODUCT_NAME = "$(TARGET_NAME)";
				SKIP_INSTALL = YES;
				SWIFT_VERSION = 3.0;
				VERSIONING_SYSTEM = "apple-generic";
				VERSION_INFO_PREFIX = "";
			};
			name = Release;
		};
		30810C821E75BCEA00B119CA /* Debug */ = {
			isa = XCBuildConfiguration;
			buildSettings = {
				ALWAYS_SEARCH_USER_PATHS = NO;
				CLANG_ANALYZER_NONNULL = YES;
				CLANG_CXX_LANGUAGE_STANDARD = "gnu++0x";
				CLANG_CXX_LIBRARY = "libc++";
				CLANG_ENABLE_MODULES = YES;
				CLANG_ENABLE_OBJC_ARC = YES;
				CLANG_WARN_BOOL_CONVERSION = YES;
				CLANG_WARN_CONSTANT_CONVERSION = YES;
				CLANG_WARN_DIRECT_OBJC_ISA_USAGE = YES_ERROR;
				CLANG_WARN_DOCUMENTATION_COMMENTS = YES;
				CLANG_WARN_EMPTY_BODY = YES;
				CLANG_WARN_ENUM_CONVERSION = YES;
				CLANG_WARN_INFINITE_RECURSION = YES;
				CLANG_WARN_INT_CONVERSION = YES;
				CLANG_WARN_OBJC_ROOT_CLASS = YES_ERROR;
				CLANG_WARN_SUSPICIOUS_MOVE = YES;
				CLANG_WARN_UNREACHABLE_CODE = YES;
				CLANG_WARN__DUPLICATE_METHOD_MATCH = YES;
				"CODE_SIGN_IDENTITY[sdk=iphoneos*]" = "iPhone Developer";
				COPY_PHASE_STRIP = NO;
				DEBUG_INFORMATION_FORMAT = dwarf;
				ENABLE_STRICT_OBJC_MSGSEND = YES;
				ENABLE_TESTABILITY = YES;
				GCC_C_LANGUAGE_STANDARD = gnu99;
				GCC_DYNAMIC_NO_PIC = NO;
				GCC_NO_COMMON_BLOCKS = YES;
				GCC_OPTIMIZATION_LEVEL = 0;
				GCC_PREPROCESSOR_DEFINITIONS = (
					"DEBUG=1",
					"$(inherited)",
				);
				GCC_WARN_64_TO_32_BIT_CONVERSION = YES;
				GCC_WARN_ABOUT_RETURN_TYPE = YES_ERROR;
				GCC_WARN_UNDECLARED_SELECTOR = YES;
				GCC_WARN_UNINITIALIZED_AUTOS = YES_AGGRESSIVE;
				GCC_WARN_UNUSED_FUNCTION = YES;
				GCC_WARN_UNUSED_VARIABLE = YES;
				IPHONEOS_DEPLOYMENT_TARGET = 9.0;
				MTL_ENABLE_DEBUG_INFO = YES;
				ONLY_ACTIVE_ARCH = YES;
				SDKROOT = iphoneos;
				SWIFT_ACTIVE_COMPILATION_CONDITIONS = DEBUG;
				SWIFT_OPTIMIZATION_LEVEL = "-Onone";
				TARGETED_DEVICE_FAMILY = "1,2";
			};
			name = Debug;
		};
		30810C831E75BCEA00B119CA /* Release */ = {
			isa = XCBuildConfiguration;
			buildSettings = {
				ALWAYS_SEARCH_USER_PATHS = NO;
				CLANG_ANALYZER_NONNULL = YES;
				CLANG_CXX_LANGUAGE_STANDARD = "gnu++0x";
				CLANG_CXX_LIBRARY = "libc++";
				CLANG_ENABLE_MODULES = YES;
				CLANG_ENABLE_OBJC_ARC = YES;
				CLANG_WARN_BOOL_CONVERSION = YES;
				CLANG_WARN_CONSTANT_CONVERSION = YES;
				CLANG_WARN_DIRECT_OBJC_ISA_USAGE = YES_ERROR;
				CLANG_WARN_DOCUMENTATION_COMMENTS = YES;
				CLANG_WARN_EMPTY_BODY = YES;
				CLANG_WARN_ENUM_CONVERSION = YES;
				CLANG_WARN_INFINITE_RECURSION = YES;
				CLANG_WARN_INT_CONVERSION = YES;
				CLANG_WARN_OBJC_ROOT_CLASS = YES_ERROR;
				CLANG_WARN_SUSPICIOUS_MOVE = YES;
				CLANG_WARN_UNREACHABLE_CODE = YES;
				CLANG_WARN__DUPLICATE_METHOD_MATCH = YES;
				"CODE_SIGN_IDENTITY[sdk=iphoneos*]" = "iPhone Developer";
				COPY_PHASE_STRIP = NO;
				DEBUG_INFORMATION_FORMAT = "dwarf-with-dsym";
				ENABLE_NS_ASSERTIONS = NO;
				ENABLE_STRICT_OBJC_MSGSEND = YES;
				GCC_C_LANGUAGE_STANDARD = gnu99;
				GCC_NO_COMMON_BLOCKS = YES;
				GCC_WARN_64_TO_32_BIT_CONVERSION = YES;
				GCC_WARN_ABOUT_RETURN_TYPE = YES_ERROR;
				GCC_WARN_UNDECLARED_SELECTOR = YES;
				GCC_WARN_UNINITIALIZED_AUTOS = YES_AGGRESSIVE;
				GCC_WARN_UNUSED_FUNCTION = YES;
				GCC_WARN_UNUSED_VARIABLE = YES;
				IPHONEOS_DEPLOYMENT_TARGET = 9.0;
				MTL_ENABLE_DEBUG_INFO = NO;
				SDKROOT = iphoneos;
				SWIFT_OPTIMIZATION_LEVEL = "-Owholemodule";
				TARGETED_DEVICE_FAMILY = "1,2";
				VALIDATE_PRODUCT = YES;
			};
			name = Release;
		};
		30810C851E75BCEA00B119CA /* Debug */ = {
			isa = XCBuildConfiguration;
			baseConfigurationReference = 66BFF9809F5BF200AD2EE683 /* Pods-MediaRemoteControl.debug.xcconfig */;
			buildSettings = {
				ALWAYS_EMBED_SWIFT_STANDARD_LIBRARIES = YES;
				ASSETCATALOG_COMPILER_APPICON_NAME = AppIcon;
				DEVELOPMENT_TEAM = EZKTHB6PL9;
				INFOPLIST_FILE = "$(SRCROOT)/MediaRemoteControl/Info.plist";
				LD_RUNPATH_SEARCH_PATHS = "$(inherited) @executable_path/Frameworks";
				PRODUCT_BUNDLE_IDENTIFIER = Viacom.LockScreen;
				PRODUCT_NAME = "$(TARGET_NAME)";
				SWIFT_VERSION = 3.0;
			};
			name = Debug;
		};
		30810C861E75BCEA00B119CA /* Release */ = {
			isa = XCBuildConfiguration;
			baseConfigurationReference = 9D6D72FC3FEFE848881EB8EE /* Pods-MediaRemoteControl.release.xcconfig */;
			buildSettings = {
				ALWAYS_EMBED_SWIFT_STANDARD_LIBRARIES = YES;
				ASSETCATALOG_COMPILER_APPICON_NAME = AppIcon;
				DEVELOPMENT_TEAM = EZKTHB6PL9;
				INFOPLIST_FILE = "$(SRCROOT)/MediaRemoteControl/Info.plist";
				LD_RUNPATH_SEARCH_PATHS = "$(inherited) @executable_path/Frameworks";
				PRODUCT_BUNDLE_IDENTIFIER = Viacom.LockScreen;
				PRODUCT_NAME = "$(TARGET_NAME)";
				SWIFT_VERSION = 3.0;
			};
			name = Release;
		};
		30810C881E75BCEA00B119CA /* Debug */ = {
			isa = XCBuildConfiguration;
			baseConfigurationReference = 6E0290B88E662CD4D565F046 /* Pods-MediaRemoteControlTests.debug.xcconfig */;
			buildSettings = {
				ALWAYS_EMBED_SWIFT_STANDARD_LIBRARIES = YES;
				CLANG_ALLOW_NON_MODULAR_INCLUDES_IN_FRAMEWORK_MODULES = NO;
				INFOPLIST_FILE = "MediaRemoteControl Tests/Info.plist";
				LD_RUNPATH_SEARCH_PATHS = "$(inherited) @executable_path/Frameworks @loader_path/Frameworks";
				PRODUCT_BUNDLE_IDENTIFIER = Viacom.MediaRemoteControlTests;
				PRODUCT_NAME = "$(TARGET_NAME)";
				SWIFT_VERSION = 3.0;
				TEST_HOST = "$(BUILT_PRODUCTS_DIR)/Sample.app/Sample";
			};
			name = Debug;
		};
		30810C891E75BCEA00B119CA /* Release */ = {
			isa = XCBuildConfiguration;
			baseConfigurationReference = 223E2E9FE9A7502D78A5D66F /* Pods-MediaRemoteControlTests.release.xcconfig */;
			buildSettings = {
				ALWAYS_EMBED_SWIFT_STANDARD_LIBRARIES = YES;
				CLANG_ALLOW_NON_MODULAR_INCLUDES_IN_FRAMEWORK_MODULES = NO;
				INFOPLIST_FILE = "MediaRemoteControl Tests/Info.plist";
				LD_RUNPATH_SEARCH_PATHS = "$(inherited) @executable_path/Frameworks @loader_path/Frameworks";
				PRODUCT_BUNDLE_IDENTIFIER = Viacom.MediaRemoteControlTests;
				PRODUCT_NAME = "$(TARGET_NAME)";
				SWIFT_VERSION = 3.0;
				TEST_HOST = "$(BUILT_PRODUCTS_DIR)/Sample.app/Sample";
			};
			name = Release;
		};
		30810C8B1E75BCEA00B119CA /* Debug */ = {
			isa = XCBuildConfiguration;
			baseConfigurationReference = D90E156728B8A3AD2D3F00C0 /* Pods-MediaRemoteControlUITests.debug.xcconfig */;
			buildSettings = {
				ALWAYS_EMBED_SWIFT_STANDARD_LIBRARIES = YES;
				INFOPLIST_FILE = "MediaRemoteControl UITests/Info.plist";
				LD_RUNPATH_SEARCH_PATHS = "$(inherited) @executable_path/Frameworks @loader_path/Frameworks";
				PRODUCT_BUNDLE_IDENTIFIER = Viacom.MediaRemoteControlUITests;
				PRODUCT_NAME = "$(TARGET_NAME)";
				PROVISIONING_PROFILE = "";
				SWIFT_VERSION = 3.0;
				TEST_TARGET_NAME = MediaRemoteControl;
			};
			name = Debug;
		};
		30810C8C1E75BCEA00B119CA /* Release */ = {
			isa = XCBuildConfiguration;
			baseConfigurationReference = D5CBAA4A9E305BF547357E8D /* Pods-MediaRemoteControlUITests.release.xcconfig */;
			buildSettings = {
				ALWAYS_EMBED_SWIFT_STANDARD_LIBRARIES = YES;
				INFOPLIST_FILE = "MediaRemoteControl UITests/Info.plist";
				LD_RUNPATH_SEARCH_PATHS = "$(inherited) @executable_path/Frameworks @loader_path/Frameworks";
				PRODUCT_BUNDLE_IDENTIFIER = Viacom.MediaRemoteControlUITests;
				PRODUCT_NAME = "$(TARGET_NAME)";
				PROVISIONING_PROFILE = "";
				SWIFT_VERSION = 3.0;
				TEST_TARGET_NAME = MediaRemoteControl;
			};
			name = Release;
		};
/* End XCBuildConfiguration section */

/* Begin XCConfigurationList section */
		303E54241E79D4EC0047DF63 /* Build configuration list for PBXNativeTarget "MediaRemoteControl" */ = {
			isa = XCConfigurationList;
			buildConfigurations = (
				303E54251E79D4EC0047DF63 /* Debug */,
				303E54261E79D4EC0047DF63 /* Release */,
			);
			defaultConfigurationIsVisible = 0;
			defaultConfigurationName = Release;
		};
		30810C571E75BCE900B119CA /* Build configuration list for PBXProject "Sample" */ = {
			isa = XCConfigurationList;
			buildConfigurations = (
				30810C821E75BCEA00B119CA /* Debug */,
				30810C831E75BCEA00B119CA /* Release */,
			);
			defaultConfigurationIsVisible = 0;
			defaultConfigurationName = Release;
		};
		30810C841E75BCEA00B119CA /* Build configuration list for PBXNativeTarget "Sample" */ = {
			isa = XCConfigurationList;
			buildConfigurations = (
				30810C851E75BCEA00B119CA /* Debug */,
				30810C861E75BCEA00B119CA /* Release */,
			);
			defaultConfigurationIsVisible = 0;
			defaultConfigurationName = Release;
		};
		30810C871E75BCEA00B119CA /* Build configuration list for PBXNativeTarget "SampleTests" */ = {
			isa = XCConfigurationList;
			buildConfigurations = (
				30810C881E75BCEA00B119CA /* Debug */,
				30810C891E75BCEA00B119CA /* Release */,
			);
			defaultConfigurationIsVisible = 0;
			defaultConfigurationName = Release;
		};
		30810C8A1E75BCEA00B119CA /* Build configuration list for PBXNativeTarget "SampleUITests" */ = {
			isa = XCConfigurationList;
			buildConfigurations = (
				30810C8B1E75BCEA00B119CA /* Debug */,
				30810C8C1E75BCEA00B119CA /* Release */,
			);
			defaultConfigurationIsVisible = 0;
			defaultConfigurationName = Release;
		};
/* End XCConfigurationList section */
	};
	rootObject = 30810C541E75BCE900B119CA /* Project object */;
}
