// !$*UTF8*$!
{
	archiveVersion = 1;
	classes = {
	};
	objectVersion = 46;
	objects = {

/* Begin PBXBuildFile section */
		30810C601E75BCE900B119CA /* AppDelegate.swift in Sources */ = {isa = PBXBuildFile; fileRef = 30810C5F1E75BCE900B119CA /* AppDelegate.swift */; };
		30810C621E75BCE900B119CA /* ViewController.swift in Sources */ = {isa = PBXBuildFile; fileRef = 30810C611E75BCE900B119CA /* ViewController.swift */; };
		30810C651E75BCE900B119CA /* Main.storyboard in Resources */ = {isa = PBXBuildFile; fileRef = 30810C631E75BCE900B119CA /* Main.storyboard */; };
		30810C671E75BCE900B119CA /* Assets.xcassets in Resources */ = {isa = PBXBuildFile; fileRef = 30810C661E75BCE900B119CA /* Assets.xcassets */; };
		30810C6A1E75BCE900B119CA /* LaunchScreen.storyboard in Resources */ = {isa = PBXBuildFile; fileRef = 30810C681E75BCE900B119CA /* LaunchScreen.storyboard */; };
		30810C751E75BCE900B119CA /* LockScreenTests.swift in Sources */ = {isa = PBXBuildFile; fileRef = 30810C741E75BCE900B119CA /* LockScreenTests.swift */; };
		30810C801E75BCEA00B119CA /* LockScreenUITests.swift in Sources */ = {isa = PBXBuildFile; fileRef = 30810C7F1E75BCEA00B119CA /* LockScreenUITests.swift */; };
/* End PBXBuildFile section */

/* Begin PBXContainerItemProxy section */
		30810C711E75BCE900B119CA /* PBXContainerItemProxy */ = {
			isa = PBXContainerItemProxy;
			containerPortal = 30810C541E75BCE900B119CA /* Project object */;
			proxyType = 1;
			remoteGlobalIDString = 30810C5B1E75BCE900B119CA;
			remoteInfo = LockScreen;
		};
		30810C7C1E75BCE900B119CA /* PBXContainerItemProxy */ = {
			isa = PBXContainerItemProxy;
			containerPortal = 30810C541E75BCE900B119CA /* Project object */;
			proxyType = 1;
			remoteGlobalIDString = 30810C5B1E75BCE900B119CA;
			remoteInfo = LockScreen;
		};
/* End PBXContainerItemProxy section */

/* Begin PBXFileReference section */
		30810C5C1E75BCE900B119CA /* LockScreen.app */ = {isa = PBXFileReference; explicitFileType = wrapper.application; includeInIndex = 0; path = LockScreen.app; sourceTree = BUILT_PRODUCTS_DIR; };
		30810C5F1E75BCE900B119CA /* AppDelegate.swift */ = {isa = PBXFileReference; lastKnownFileType = sourcecode.swift; path = AppDelegate.swift; sourceTree = "<group>"; };
		30810C611E75BCE900B119CA /* ViewController.swift */ = {isa = PBXFileReference; lastKnownFileType = sourcecode.swift; path = ViewController.swift; sourceTree = "<group>"; };
		30810C641E75BCE900B119CA /* Base */ = {isa = PBXFileReference; lastKnownFileType = file.storyboard; name = Base; path = Base.lproj/Main.storyboard; sourceTree = "<group>"; };
		30810C661E75BCE900B119CA /* Assets.xcassets */ = {isa = PBXFileReference; lastKnownFileType = folder.assetcatalog; path = Assets.xcassets; sourceTree = "<group>"; };
		30810C691E75BCE900B119CA /* Base */ = {isa = PBXFileReference; lastKnownFileType = file.storyboard; name = Base; path = Base.lproj/LaunchScreen.storyboard; sourceTree = "<group>"; };
		30810C6B1E75BCE900B119CA /* Info.plist */ = {isa = PBXFileReference; lastKnownFileType = text.plist.xml; path = Info.plist; sourceTree = "<group>"; };
		30810C701E75BCE900B119CA /* LockScreenTests.xctest */ = {isa = PBXFileReference; explicitFileType = wrapper.cfbundle; includeInIndex = 0; path = LockScreenTests.xctest; sourceTree = BUILT_PRODUCTS_DIR; };
		30810C741E75BCE900B119CA /* LockScreenTests.swift */ = {isa = PBXFileReference; lastKnownFileType = sourcecode.swift; path = LockScreenTests.swift; sourceTree = "<group>"; };
		30810C761E75BCE900B119CA /* Info.plist */ = {isa = PBXFileReference; lastKnownFileType = text.plist.xml; path = Info.plist; sourceTree = "<group>"; };
		30810C7B1E75BCE900B119CA /* LockScreenUITests.xctest */ = {isa = PBXFileReference; explicitFileType = wrapper.cfbundle; includeInIndex = 0; path = LockScreenUITests.xctest; sourceTree = BUILT_PRODUCTS_DIR; };
		30810C7F1E75BCEA00B119CA /* LockScreenUITests.swift */ = {isa = PBXFileReference; lastKnownFileType = sourcecode.swift; path = LockScreenUITests.swift; sourceTree = "<group>"; };
		30810C811E75BCEA00B119CA /* Info.plist */ = {isa = PBXFileReference; lastKnownFileType = text.plist.xml; path = Info.plist; sourceTree = "<group>"; };
/* End PBXFileReference section */

/* Begin PBXFrameworksBuildPhase section */
		30810C591E75BCE900B119CA /* Frameworks */ = {
			isa = PBXFrameworksBuildPhase;
			buildActionMask = 2147483647;
			files = (
			);
			runOnlyForDeploymentPostprocessing = 0;
		};
		30810C6D1E75BCE900B119CA /* Frameworks */ = {
			isa = PBXFrameworksBuildPhase;
			buildActionMask = 2147483647;
			files = (
			);
			runOnlyForDeploymentPostprocessing = 0;
		};
		30810C781E75BCE900B119CA /* Frameworks */ = {
			isa = PBXFrameworksBuildPhase;
			buildActionMask = 2147483647;
			files = (
			);
			runOnlyForDeploymentPostprocessing = 0;
		};
/* End PBXFrameworksBuildPhase section */

/* Begin PBXGroup section */
		30810C531E75BCE900B119CA = {
			isa = PBXGroup;
			children = (
				30810C5E1E75BCE900B119CA /* LockScreen */,
				30810C731E75BCE900B119CA /* LockScreenTests */,
				30810C7E1E75BCE900B119CA /* LockScreenUITests */,
				30810C5D1E75BCE900B119CA /* Products */,
			);
			sourceTree = "<group>";
		};
		30810C5D1E75BCE900B119CA /* Products */ = {
			isa = PBXGroup;
			children = (
				30810C5C1E75BCE900B119CA /* LockScreen.app */,
				30810C701E75BCE900B119CA /* LockScreenTests.xctest */,
				30810C7B1E75BCE900B119CA /* LockScreenUITests.xctest */,
			);
			name = Products;
			sourceTree = "<group>";
		};
		30810C5E1E75BCE900B119CA /* LockScreen */ = {
			isa = PBXGroup;
			children = (
				30810C5F1E75BCE900B119CA /* AppDelegate.swift */,
				30810C611E75BCE900B119CA /* ViewController.swift */,
				30810C631E75BCE900B119CA /* Main.storyboard */,
				30810C661E75BCE900B119CA /* Assets.xcassets */,
				30810C681E75BCE900B119CA /* LaunchScreen.storyboard */,
				30810C6B1E75BCE900B119CA /* Info.plist */,
			);
			path = LockScreen;
			sourceTree = "<group>";
		};
		30810C731E75BCE900B119CA /* LockScreenTests */ = {
			isa = PBXGroup;
			children = (
				30810C741E75BCE900B119CA /* LockScreenTests.swift */,
				30810C761E75BCE900B119CA /* Info.plist */,
			);
			path = LockScreenTests;
			sourceTree = "<group>";
		};
		30810C7E1E75BCE900B119CA /* LockScreenUITests */ = {
			isa = PBXGroup;
			children = (
				30810C7F1E75BCEA00B119CA /* LockScreenUITests.swift */,
				30810C811E75BCEA00B119CA /* Info.plist */,
			);
			path = LockScreenUITests;
			sourceTree = "<group>";
		};
/* End PBXGroup section */

/* Begin PBXNativeTarget section */
		30810C5B1E75BCE900B119CA /* LockScreen */ = {
			isa = PBXNativeTarget;
			buildConfigurationList = 30810C841E75BCEA00B119CA /* Build configuration list for PBXNativeTarget "LockScreen" */;
			buildPhases = (
				30810C581E75BCE900B119CA /* Sources */,
				30810C591E75BCE900B119CA /* Frameworks */,
				30810C5A1E75BCE900B119CA /* Resources */,
			);
			buildRules = (
			);
			dependencies = (
			);
			name = LockScreen;
			productName = LockScreen;
			productReference = 30810C5C1E75BCE900B119CA /* LockScreen.app */;
			productType = "com.apple.product-type.application";
		};
		30810C6F1E75BCE900B119CA /* LockScreenTests */ = {
			isa = PBXNativeTarget;
			buildConfigurationList = 30810C871E75BCEA00B119CA /* Build configuration list for PBXNativeTarget "LockScreenTests" */;
			buildPhases = (
				30810C6C1E75BCE900B119CA /* Sources */,
				30810C6D1E75BCE900B119CA /* Frameworks */,
				30810C6E1E75BCE900B119CA /* Resources */,
			);
			buildRules = (
			);
			dependencies = (
				30810C721E75BCE900B119CA /* PBXTargetDependency */,
			);
			name = LockScreenTests;
			productName = LockScreenTests;
			productReference = 30810C701E75BCE900B119CA /* LockScreenTests.xctest */;
			productType = "com.apple.product-type.bundle.unit-test";
		};
		30810C7A1E75BCE900B119CA /* LockScreenUITests */ = {
			isa = PBXNativeTarget;
			buildConfigurationList = 30810C8A1E75BCEA00B119CA /* Build configuration list for PBXNativeTarget "LockScreenUITests" */;
			buildPhases = (
				30810C771E75BCE900B119CA /* Sources */,
				30810C781E75BCE900B119CA /* Frameworks */,
				30810C791E75BCE900B119CA /* Resources */,
			);
			buildRules = (
			);
			dependencies = (
				30810C7D1E75BCE900B119CA /* PBXTargetDependency */,
			);
			name = LockScreenUITests;
			productName = LockScreenUITests;
			productReference = 30810C7B1E75BCE900B119CA /* LockScreenUITests.xctest */;
			productType = "com.apple.product-type.bundle.ui-testing";
		};
/* End PBXNativeTarget section */

/* Begin PBXProject section */
		30810C541E75BCE900B119CA /* Project object */ = {
			isa = PBXProject;
			attributes = {
				LastSwiftUpdateCheck = 0820;
				LastUpgradeCheck = 0820;
				ORGANIZATIONNAME = "Shady Ghalab";
				TargetAttributes = {
					30810C5B1E75BCE900B119CA = {
						CreatedOnToolsVersion = 8.2;
						ProvisioningStyle = Automatic;
					};
					30810C6F1E75BCE900B119CA = {
						CreatedOnToolsVersion = 8.2;
						ProvisioningStyle = Automatic;
						TestTargetID = 30810C5B1E75BCE900B119CA;
					};
					30810C7A1E75BCE900B119CA = {
						CreatedOnToolsVersion = 8.2;
						ProvisioningStyle = Automatic;
						TestTargetID = 30810C5B1E75BCE900B119CA;
					};
				};
			};
			buildConfigurationList = 30810C571E75BCE900B119CA /* Build configuration list for PBXProject "LockScreen" */;
			compatibilityVersion = "Xcode 3.2";
			developmentRegion = English;
			hasScannedForEncodings = 0;
			knownRegions = (
				en,
				Base,
			);
			mainGroup = 30810C531E75BCE900B119CA;
			productRefGroup = 30810C5D1E75BCE900B119CA /* Products */;
			projectDirPath = "";
			projectRoot = "";
			targets = (
				30810C5B1E75BCE900B119CA /* LockScreen */,
				30810C6F1E75BCE900B119CA /* LockScreenTests */,
				30810C7A1E75BCE900B119CA /* LockScreenUITests */,
			);
		};
/* End PBXProject section */

/* Begin PBXResourcesBuildPhase section */
		30810C5A1E75BCE900B119CA /* Resources */ = {
			isa = PBXResourcesBuildPhase;
			buildActionMask = 2147483647;
			files = (
				30810C6A1E75BCE900B119CA /* LaunchScreen.storyboard in Resources */,
				30810C671E75BCE900B119CA /* Assets.xcassets in Resources */,
				30810C651E75BCE900B119CA /* Main.storyboard in Resources */,
			);
			runOnlyForDeploymentPostprocessing = 0;
		};
		30810C6E1E75BCE900B119CA /* Resources */ = {
			isa = PBXResourcesBuildPhase;
			buildActionMask = 2147483647;
			files = (
			);
			runOnlyForDeploymentPostprocessing = 0;
		};
		30810C791E75BCE900B119CA /* Resources */ = {
			isa = PBXResourcesBuildPhase;
			buildActionMask = 2147483647;
			files = (
			);
			runOnlyForDeploymentPostprocessing = 0;
		};
/* End PBXResourcesBuildPhase section */

/* Begin PBXSourcesBuildPhase section */
		30810C581E75BCE900B119CA /* Sources */ = {
			isa = PBXSourcesBuildPhase;
			buildActionMask = 2147483647;
			files = (
				30810C621E75BCE900B119CA /* ViewController.swift in Sources */,
				30810C601E75BCE900B119CA /* AppDelegate.swift in Sources */,
			);
			runOnlyForDeploymentPostprocessing = 0;
		};
		30810C6C1E75BCE900B119CA /* Sources */ = {
			isa = PBXSourcesBuildPhase;
			buildActionMask = 2147483647;
			files = (
				30810C751E75BCE900B119CA /* LockScreenTests.swift in Sources */,
			);
			runOnlyForDeploymentPostprocessing = 0;
		};
		30810C771E75BCE900B119CA /* Sources */ = {
			isa = PBXSourcesBuildPhase;
			buildActionMask = 2147483647;
			files = (
				30810C801E75BCEA00B119CA /* LockScreenUITests.swift in Sources */,
			);
			runOnlyForDeploymentPostprocessing = 0;
		};
/* End PBXSourcesBuildPhase section */

/* Begin PBXTargetDependency section */
		30810C721E75BCE900B119CA /* PBXTargetDependency */ = {
			isa = PBXTargetDependency;
			target = 30810C5B1E75BCE900B119CA /* LockScreen */;
			targetProxy = 30810C711E75BCE900B119CA /* PBXContainerItemProxy */;
		};
		30810C7D1E75BCE900B119CA /* PBXTargetDependency */ = {
			isa = PBXTargetDependency;
			target = 30810C5B1E75BCE900B119CA /* LockScreen */;
			targetProxy = 30810C7C1E75BCE900B119CA /* PBXContainerItemProxy */;
		};
/* End PBXTargetDependency section */

/* Begin PBXVariantGroup section */
		30810C631E75BCE900B119CA /* Main.storyboard */ = {
			isa = PBXVariantGroup;
			children = (
				30810C641E75BCE900B119CA /* Base */,
			);
			name = Main.storyboard;
			sourceTree = "<group>";
		};
		30810C681E75BCE900B119CA /* LaunchScreen.storyboard */ = {
			isa = PBXVariantGroup;
			children = (
				30810C691E75BCE900B119CA /* Base */,
			);
			name = LaunchScreen.storyboard;
			sourceTree = "<group>";
		};
/* End PBXVariantGroup section */

/* Begin XCBuildConfiguration section */
		30810C821E75BCEA00B119CA /* Debug */ = {
			isa = XCBuildConfiguration;
			buildSettings = {
				ALWAYS_SEARCH_USER_PATHS = NO;
				CLANG_ANALYZER_NONNULL = YES;
				CLANG_CXX_LANGUAGE_STANDARD = "gnu++0x";
				CLANG_CXX_LIBRARY = "libc++";
				CLANG_ENABLE_MODULES = YES;
				CLANG_ENABLE_OBJC_ARC = YES;
				CLANG_WARN_BOOL_CONVERSION = YES;
				CLANG_WARN_CONSTANT_CONVERSION = YES;
				CLANG_WARN_DIRECT_OBJC_ISA_USAGE = YES_ERROR;
				CLANG_WARN_DOCUMENTATION_COMMENTS = YES;
				CLANG_WARN_EMPTY_BODY = YES;
				CLANG_WARN_ENUM_CONVERSION = YES;
				CLANG_WARN_INFINITE_RECURSION = YES;
				CLANG_WARN_INT_CONVERSION = YES;
				CLANG_WARN_OBJC_ROOT_CLASS = YES_ERROR;
				CLANG_WARN_SUSPICIOUS_MOVE = YES;
				CLANG_WARN_UNREACHABLE_CODE = YES;
				CLANG_WARN__DUPLICATE_METHOD_MATCH = YES;
				"CODE_SIGN_IDENTITY[sdk=iphoneos*]" = "iPhone Developer";
				COPY_PHASE_STRIP = NO;
				DEBUG_INFORMATION_FORMAT = dwarf;
				ENABLE_STRICT_OBJC_MSGSEND = YES;
				ENABLE_TESTABILITY = YES;
				GCC_C_LANGUAGE_STANDARD = gnu99;
				GCC_DYNAMIC_NO_PIC = NO;
				GCC_NO_COMMON_BLOCKS = YES;
				GCC_OPTIMIZATION_LEVEL = 0;
				GCC_PREPROCESSOR_DEFINITIONS = (
					"DEBUG=1",
					"$(inherited)",
				);
				GCC_WARN_64_TO_32_BIT_CONVERSION = YES;
				GCC_WARN_ABOUT_RETURN_TYPE = YES_ERROR;
				GCC_WARN_UNDECLARED_SELECTOR = YES;
				GCC_WARN_UNINITIALIZED_AUTOS = YES_AGGRESSIVE;
				GCC_WARN_UNUSED_FUNCTION = YES;
				GCC_WARN_UNUSED_VARIABLE = YES;
				IPHONEOS_DEPLOYMENT_TARGET = 10.2;
				MTL_ENABLE_DEBUG_INFO = YES;
				ONLY_ACTIVE_ARCH = YES;
				SDKROOT = iphoneos;
				SWIFT_ACTIVE_COMPILATION_CONDITIONS = DEBUG;
				SWIFT_OPTIMIZATION_LEVEL = "-Onone";
				TARGETED_DEVICE_FAMILY = "1,2";
			};
			name = Debug;
		};
		30810C831E75BCEA00B119CA /* Release */ = {
			isa = XCBuildConfiguration;
			buildSettings = {
				ALWAYS_SEARCH_USER_PATHS = NO;
				CLANG_ANALYZER_NONNULL = YES;
				CLANG_CXX_LANGUAGE_STANDARD = "gnu++0x";
				CLANG_CXX_LIBRARY = "libc++";
				CLANG_ENABLE_MODULES = YES;
				CLANG_ENABLE_OBJC_ARC = YES;
				CLANG_WARN_BOOL_CONVERSION = YES;
				CLANG_WARN_CONSTANT_CONVERSION = YES;
				CLANG_WARN_DIRECT_OBJC_ISA_USAGE = YES_ERROR;
				CLANG_WARN_DOCUMENTATION_COMMENTS = YES;
				CLANG_WARN_EMPTY_BODY = YES;
				CLANG_WARN_ENUM_CONVERSION = YES;
				CLANG_WARN_INFINITE_RECURSION = YES;
				CLANG_WARN_INT_CONVERSION = YES;
				CLANG_WARN_OBJC_ROOT_CLASS = YES_ERROR;
				CLANG_WARN_SUSPICIOUS_MOVE = YES;
				CLANG_WARN_UNREACHABLE_CODE = YES;
				CLANG_WARN__DUPLICATE_METHOD_MATCH = YES;
				"CODE_SIGN_IDENTITY[sdk=iphoneos*]" = "iPhone Developer";
				COPY_PHASE_STRIP = NO;
				DEBUG_INFORMATION_FORMAT = "dwarf-with-dsym";
				ENABLE_NS_ASSERTIONS = NO;
				ENABLE_STRICT_OBJC_MSGSEND = YES;
				GCC_C_LANGUAGE_STANDARD = gnu99;
				GCC_NO_COMMON_BLOCKS = YES;
				GCC_WARN_64_TO_32_BIT_CONVERSION = YES;
				GCC_WARN_ABOUT_RETURN_TYPE = YES_ERROR;
				GCC_WARN_UNDECLARED_SELECTOR = YES;
				GCC_WARN_UNINITIALIZED_AUTOS = YES_AGGRESSIVE;
				GCC_WARN_UNUSED_FUNCTION = YES;
				GCC_WARN_UNUSED_VARIABLE = YES;
				IPHONEOS_DEPLOYMENT_TARGET = 10.2;
				MTL_ENABLE_DEBUG_INFO = NO;
				SDKROOT = iphoneos;
				SWIFT_OPTIMIZATION_LEVEL = "-Owholemodule";
				TARGETED_DEVICE_FAMILY = "1,2";
				VALIDATE_PRODUCT = YES;
			};
			name = Release;
		};
		30810C851E75BCEA00B119CA /* Debug */ = {
			isa = XCBuildConfiguration;
			buildSettings = {
				ASSETCATALOG_COMPILER_APPICON_NAME = AppIcon;
				INFOPLIST_FILE = LockScreen/Info.plist;
				LD_RUNPATH_SEARCH_PATHS = "$(inherited) @executable_path/Frameworks";
				PRODUCT_BUNDLE_IDENTIFIER = Viacom.LockScreen;
				PRODUCT_NAME = "$(TARGET_NAME)";
				SWIFT_VERSION = 3.0;
			};
			name = Debug;
		};
		30810C861E75BCEA00B119CA /* Release */ = {
			isa = XCBuildConfiguration;
			buildSettings = {
				ASSETCATALOG_COMPILER_APPICON_NAME = AppIcon;
				INFOPLIST_FILE = LockScreen/Info.plist;
				LD_RUNPATH_SEARCH_PATHS = "$(inherited) @executable_path/Frameworks";
				PRODUCT_BUNDLE_IDENTIFIER = Viacom.LockScreen;
				PRODUCT_NAME = "$(TARGET_NAME)";
				SWIFT_VERSION = 3.0;
			};
			name = Release;
		};
		30810C881E75BCEA00B119CA /* Debug */ = {
			isa = XCBuildConfiguration;
			buildSettings = {
				ALWAYS_EMBED_SWIFT_STANDARD_LIBRARIES = YES;
				BUNDLE_LOADER = "$(TEST_HOST)";
				INFOPLIST_FILE = LockScreenTests/Info.plist;
				LD_RUNPATH_SEARCH_PATHS = "$(inherited) @executable_path/Frameworks @loader_path/Frameworks";
				PRODUCT_BUNDLE_IDENTIFIER = Viacom.LockScreenTests;
				PRODUCT_NAME = "$(TARGET_NAME)";
				SWIFT_VERSION = 3.0;
				TEST_HOST = "$(BUILT_PRODUCTS_DIR)/LockScreen.app/LockScreen";
			};
			name = Debug;
		};
		30810C891E75BCEA00B119CA /* Release */ = {
			isa = XCBuildConfiguration;
			buildSettings = {
				ALWAYS_EMBED_SWIFT_STANDARD_LIBRARIES = YES;
				BUNDLE_LOADER = "$(TEST_HOST)";
				INFOPLIST_FILE = LockScreenTests/Info.plist;
				LD_RUNPATH_SEARCH_PATHS = "$(inherited) @executable_path/Frameworks @loader_path/Frameworks";
				PRODUCT_BUNDLE_IDENTIFIER = Viacom.LockScreenTests;
				PRODUCT_NAME = "$(TARGET_NAME)";
				SWIFT_VERSION = 3.0;
				TEST_HOST = "$(BUILT_PRODUCTS_DIR)/LockScreen.app/LockScreen";
			};
			name = Release;
		};
		30810C8B1E75BCEA00B119CA /* Debug */ = {
			isa = XCBuildConfiguration;
			buildSettings = {
				ALWAYS_EMBED_SWIFT_STANDARD_LIBRARIES = YES;
				INFOPLIST_FILE = LockScreenUITests/Info.plist;
				LD_RUNPATH_SEARCH_PATHS = "$(inherited) @executable_path/Frameworks @loader_path/Frameworks";
				PRODUCT_BUNDLE_IDENTIFIER = Viacom.LockScreenUITests;
				PRODUCT_NAME = "$(TARGET_NAME)";
				SWIFT_VERSION = 3.0;
				TEST_TARGET_NAME = LockScreen;
			};
			name = Debug;
		};
		30810C8C1E75BCEA00B119CA /* Release */ = {
			isa = XCBuildConfiguration;
			buildSettings = {
				ALWAYS_EMBED_SWIFT_STANDARD_LIBRARIES = YES;
				INFOPLIST_FILE = LockScreenUITests/Info.plist;
				LD_RUNPATH_SEARCH_PATHS = "$(inherited) @executable_path/Frameworks @loader_path/Frameworks";
				PRODUCT_BUNDLE_IDENTIFIER = Viacom.LockScreenUITests;
				PRODUCT_NAME = "$(TARGET_NAME)";
				SWIFT_VERSION = 3.0;
				TEST_TARGET_NAME = LockScreen;
			};
			name = Release;
		};
/* End XCBuildConfiguration section */

/* Begin XCConfigurationList section */
		30810C571E75BCE900B119CA /* Build configuration list for PBXProject "LockScreen" */ = {
			isa = XCConfigurationList;
			buildConfigurations = (
				30810C821E75BCEA00B119CA /* Debug */,
				30810C831E75BCEA00B119CA /* Release */,
			);
			defaultConfigurationIsVisible = 0;
			defaultConfigurationName = Release;
		};
		30810C841E75BCEA00B119CA /* Build configuration list for PBXNativeTarget "LockScreen" */ = {
			isa = XCConfigurationList;
			buildConfigurations = (
				30810C851E75BCEA00B119CA /* Debug */,
				30810C861E75BCEA00B119CA /* Release */,
			);
			defaultConfigurationIsVisible = 0;
		};
		30810C871E75BCEA00B119CA /* Build configuration list for PBXNativeTarget "LockScreenTests" */ = {
			isa = XCConfigurationList;
			buildConfigurations = (
				30810C881E75BCEA00B119CA /* Debug */,
				30810C891E75BCEA00B119CA /* Release */,
			);
			defaultConfigurationIsVisible = 0;
		};
		30810C8A1E75BCEA00B119CA /* Build configuration list for PBXNativeTarget "LockScreenUITests" */ = {
			isa = XCConfigurationList;
			buildConfigurations = (
				30810C8B1E75BCEA00B119CA /* Debug */,
				30810C8C1E75BCEA00B119CA /* Release */,
			);
			defaultConfigurationIsVisible = 0;
		};
/* End XCConfigurationList section */
	};
	rootObject = 30810C541E75BCE900B119CA /* Project object */;
}
